
Microsoft Visual Studio Solution File, Format Version 12.00
# Visual Studio Version 17
VisualStudioVersion = 17.6.33801.468
MinimumVisualStudioVersion = 10.0.40219.1
Project("{FAE04EC0-301F-11D3-BF4B-00C04F79EFBC}") = "iakademi47_proje", "iakademi47_proje\iakademi47_proje.csproj", "{F2426F5E-1AEA-49C8-964B-73D81B1D9C99}"
EndProject
Global
	GlobalSection(SolutionConfigurationPlatforms) = preSolution
		Debug|Any CPU = Debug|Any CPU
		Release|Any CPU = Release|Any CPU
	EndGlobalSection
	GlobalSection(ProjectConfigurationPlatforms) = postSolution
		{F2426F5E-1AEA-49C8-964B-73D81B1D9C99}.Debug|Any CPU.ActiveCfg = Debug|Any CPU
		{F2426F5E-1AEA-49C8-964B-73D81B1D9C99}.Debug|Any CPU.Build.0 = Debug|Any CPU
		{F2426F5E-1AEA-49C8-964B-73D81B1D9C99}.Release|Any CPU.ActiveCfg = Release|Any CPU
		{F2426F5E-1AEA-49C8-964B-73D81B1D9C99}.Release|Any CPU.Build.0 = Release|Any CPU
	EndGlobalSection
	GlobalSection(SolutionProperties) = preSolution
		HideSolutionNode = FALSE
	EndGlobalSection
	GlobalSection(ExtensibilityGlobals) = postSolution
		SolutionGuid = {367658C6-43A9-468A-AA64-12C577963230}
	EndGlobalSection
EndGlobal
